{
  "name": "front_end_web",
  "lockfileVersion": 3,
  "requires": true,
  "packages": {
    "": {
      "dependencies": {
        "nodemailer": "^8.0.5"
      }
    },
    "node_modules/nodemailer": {
      "version": "8.0.5",
      "license": "MIT-0",
      "engines": {
        "node": ">=6.0.0"
      }
    }
  }
}
